// !$*UTF8*$!
{
	archiveVersion = 1;
	classes = {
	};
	objectVersion = 50;
	objects = {

/* Begin PBXBuildFile section */
		C1C14B5423F1A26900DCC2FA /* AppDelegate.swift in Sources */ = {isa = PBXBuildFile; fileRef = C1C14B5323F1A26900DCC2FA /* AppDelegate.swift */; };
		C1C14B5623F1A26900DCC2FA /* SceneDelegate.swift in Sources */ = {isa = PBXBuildFile; fileRef = C1C14B5523F1A26900DCC2FA /* SceneDelegate.swift */; };
		C1C14B5823F1A26900DCC2FA /* ViewController.swift in Sources */ = {isa = PBXBuildFile; fileRef = C1C14B5723F1A26900DCC2FA /* ViewController.swift */; };
		C1C14B5B23F1A26900DCC2FA /* Main.storyboard in Resources */ = {isa = PBXBuildFile; fileRef = C1C14B5923F1A26900DCC2FA /* Main.storyboard */; };
		C1C14B5D23F1A26A00DCC2FA /* Assets.xcassets in Resources */ = {isa = PBXBuildFile; fileRef = C1C14B5C23F1A26A00DCC2FA /* Assets.xcassets */; };
		C1C14B6023F1A26A00DCC2FA /* LaunchScreen.storyboard in Resources */ = {isa = PBXBuildFile; fileRef = C1C14B5E23F1A26A00DCC2FA /* LaunchScreen.storyboard */; };
/* End PBXBuildFile section */

/* Begin PBXFileReference section */
		C1C14B5023F1A26900DCC2FA /* DAM_IOS_Dibujo_AR.app */ = {isa = PBXFileReference; explicitFileType = wrapper.application; includeInIndex = 0; path = DAM_IOS_Dibujo_AR.app; sourceTree = BUILT_PRODUCTS_DIR; };
		C1C14B5323F1A26900DCC2FA /* AppDelegate.swift */ = {isa = PBXFileReference; lastKnownFileType = sourcecode.swift; path = AppDelegate.swift; sourceTree = "<group>"; };
		C1C14B5523F1A26900DCC2FA /* SceneDelegate.swift */ = {isa = PBXFileReference; lastKnownFileType = sourcecode.swift; path = SceneDelegate.swift; sourceTree = "<group>"; };
		C1C14B5723F1A26900DCC2FA /* ViewController.swift */ = {isa = PBXFileReference; lastKnownFileType = sourcecode.swift; path = ViewController.swift; sourceTree = "<group>"; };
		C1C14B5A23F1A26900DCC2FA /* Base */ = {isa = PBXFileReference; lastKnownFileType = file.storyboard; name = Base; path = Base.lproj/Main.storyboard; sourceTree = "<group>"; };
		C1C14B5C23F1A26A00DCC2FA /* Assets.xcassets */ = {isa = PBXFileReference; lastKnownFileType = folder.assetcatalog; path = Assets.xcassets; sourceTree = "<group>"; };
		C1C14B5F23F1A26A00DCC2FA /* Base */ = {isa = PBXFileReference; lastKnownFileType = file.storyboard; name = Base; path = Base.lproj/LaunchScreen.storyboard; sourceTree = "<group>"; };
		C1C14B6123F1A26A00DCC2FA /* Info.plist */ = {isa = PBXFileReference; lastKnownFileType = text.plist.xml; path = Info.plist; sourceTree = "<group>"; };
/* End PBXFileReference section */

/* Begin PBXFrameworksBuildPhase section */
		C1C14B4D23F1A26900DCC2FA /* Frameworks */ = {
			isa = PBXFrameworksBuildPhase;
			buildActionMask = 2147483647;
			files = (
			);
			runOnlyForDeploymentPostprocessing = 0;
		};
/* End PBXFrameworksBuildPhase section */

/* Begin PBXGroup section */
		C1C14B4723F1A26900DCC2FA = {
			isa = PBXGroup;
			children = (
				C1C14B5223F1A26900DCC2FA /* DAM_IOS_Dibujo_AR */,
				C1C14B5123F1A26900DCC2FA /* Products */,
			);
			sourceTree = "<group>";
		};
		C1C14B5123F1A26900DCC2FA /* Products */ = {
			isa = PBXGroup;
			children = (
				C1C14B5023F1A26900DCC2FA /* DAM_IOS_Dibujo_AR.app */,
			);
			name = Products;
			sourceTree = "<group>";
		};
		C1C14B5223F1A26900DCC2FA /* DAM_IOS_Dibujo_AR */ = {
			isa = PBXGroup;
			children = (
				C1C14B5323F1A26900DCC2FA /* AppDelegate.swift */,
				C1C14B5523F1A26900DCC2FA /* SceneDelegate.swift */,
				C1C14B5723F1A26900DCC2FA /* ViewController.swift */,
				C1C14B5923F1A26900DCC2FA /* Main.storyboard */,
				C1C14B5C23F1A26A00DCC2FA /* Assets.xcassets */,
				C1C14B5E23F1A26A00DCC2FA /* LaunchScreen.storyboard */,
				C1C14B6123F1A26A00DCC2FA /* Info.plist */,
			);
			path = DAM_IOS_Dibujo_AR;
			sourceTree = "<group>";
		};
/* End PBXGroup section */

/* Begin PBXNativeTarget section */
		C1C14B4F23F1A26900DCC2FA /* DAM_IOS_Dibujo_AR */ = {
			isa = PBXNativeTarget;
			buildConfigurationList = C1C14B6423F1A26A00DCC2FA /* Build configuration list for PBXNativeTarget "DAM_IOS_Dibujo_AR" */;
			buildPhases = (
				C1C14B4C23F1A26900DCC2FA /* Sources */,
				C1C14B4D23F1A26900DCC2FA /* Frameworks */,
				C1C14B4E23F1A26900DCC2FA /* Resources */,
			);
			buildRules = (
			);
			dependencies = (
			);
			name = DAM_IOS_Dibujo_AR;
			productName = DAM_IOS_Dibujo_AR;
			productReference = C1C14B5023F1A26900DCC2FA /* DAM_IOS_Dibujo_AR.app */;
			productType = "com.apple.product-type.application";
		};
/* End PBXNativeTarget section */

/* Begin PBXProject section */
		C1C14B4823F1A26900DCC2FA /* Project object */ = {
			isa = PBXProject;
			attributes = {
				LastSwiftUpdateCheck = 1130;
				LastUpgradeCheck = 1130;
				ORGANIZATIONNAME = "Raul Ramirez";
				TargetAttributes = {
					C1C14B4F23F1A26900DCC2FA = {
						CreatedOnToolsVersion = 11.3.1;
					};
				};
			};
			buildConfigurationList = C1C14B4B23F1A26900DCC2FA /* Build configuration list for PBXProject "DAM_IOS_Dibujo_AR" */;
			compatibilityVersion = "Xcode 9.3";
			developmentRegion = en;
			hasScannedForEncodings = 0;
			knownRegions = (
				en,
				Base,
			);
			mainGroup = C1C14B4723F1A26900DCC2FA;
			productRefGroup = C1C14B5123F1A26900DCC2FA /* Products */;
			projectDirPath = "";
			projectRoot = "";
			targets = (
				C1C14B4F23F1A26900DCC2FA /* DAM_IOS_Dibujo_AR */,
			);
		};
/* End PBXProject section */

/* Begin PBXResourcesBuildPhase section */
		C1C14B4E23F1A26900DCC2FA /* Resources */ = {
			isa = PBXResourcesBuildPhase;
			buildActionMask = 2147483647;
			files = (
				C1C14B6023F1A26A00DCC2FA /* LaunchScreen.storyboard in Resources */,
				C1C14B5D23F1A26A00DCC2FA /* Assets.xcassets in Resources */,
				C1C14B5B23F1A26900DCC2FA /* Main.storyboard in Resources */,
			);
			runOnlyForDeploymentPostprocessing = 0;
		};
/* End PBXResourcesBuildPhase section */

/* Begin PBXSourcesBuildPhase section */
		C1C14B4C23F1A26900DCC2FA /* Sources */ = {
			isa = PBXSourcesBuildPhase;
			buildActionMask = 2147483647;
			files = (
				C1C14B5823F1A26900DCC2FA /* ViewController.swift in Sources */,
				C1C14B5423F1A26900DCC2FA /* AppDelegate.swift in Sources */,
				C1C14B5623F1A26900DCC2FA /* SceneDelegate.swift in Sources */,
			);
			runOnlyForDeploymentPostprocessing = 0;
		};
/* End PBXSourcesBuildPhase section */

/* Begin PBXVariantGroup section */
		C1C14B5923F1A26900DCC2FA /* Main.storyboard */ = {
			isa = PBXVariantGroup;
			children = (
				C1C14B5A23F1A26900DCC2FA /* Base */,
			);
			name = Main.storyboard;
			sourceTree = "<group>";
		};
		C1C14B5E23F1A26A00DCC2FA /* LaunchScreen.storyboard */ = {
			isa = PBXVariantGroup;
			children = (
				C1C14B5F23F1A26A00DCC2FA /* Base */,
			);
			name = LaunchScreen.storyboard;
			sourceTree = "<group>";
		};
/* End PBXVariantGroup section */

/* Begin XCBuildConfiguration section */
		C1C14B6223F1A26A00DCC2FA /* Debug */ = {
			isa = XCBuildConfiguration;
			buildSettings = {
				ALWAYS_SEARCH_USER_PATHS = NO;
				CLANG_ANALYZER_NONNULL = YES;
				CLANG_ANALYZER_NUMBER_OBJECT_CONVERSION = YES_AGGRESSIVE;
				CLANG_CXX_LANGUAGE_STANDARD = "gnu++14";
				CLANG_CXX_LIBRARY = "libc++";
				CLANG_ENABLE_MODULES = YES;
				CLANG_ENABLE_OBJC_ARC = YES;
				CLANG_ENABLE_OBJC_WEAK = YES;
				CLANG_WARN_BLOCK_CAPTURE_AUTORELEASING = YES;
				CLANG_WARN_BOOL_CONVERSION = YES;
				CLANG_WARN_COMMA = YES;
				CLANG_WARN_CONSTANT_CONVERSION = YES;
				CLANG_WARN_DEPRECATED_OBJC_IMPLEMENTATIONS = YES;
				CLANG_WARN_DIRECT_OBJC_ISA_USAGE = YES_ERROR;
				CLANG_WARN_DOCUMENTATION_COMMENTS = YES;
				CLANG_WARN_EMPTY_BODY = YES;
				CLANG_WARN_ENUM_CONVERSION = YES;
				CLANG_WARN_INFINITE_RECURSION = YES;
				CLANG_WARN_INT_CONVERSION = YES;
				CLANG_WARN_NON_LITERAL_NULL_CONVERSION = YES;
				CLANG_WARN_OBJC_IMPLICIT_RETAIN_SELF = YES;
				CLANG_WARN_OBJC_LITERAL_CONVERSION = YES;
				CLANG_WARN_OBJC_ROOT_CLASS = YES_ERROR;
				CLANG_WARN_RANGE_LOOP_ANALYSIS = YES;
				CLANG_WARN_STRICT_PROTOTYPES = YES;
				CLANG_WARN_SUSPICIOUS_MOVE = YES;
				CLANG_WARN_UNGUARDED_AVAILABILITY = YES_AGGRESSIVE;
				CLANG_WARN_UNREACHABLE_CODE = YES;
				CLANG_WARN__DUPLICATE_METHOD_MATCH = YES;
				COPY_PHASE_STRIP = NO;
				DEBUG_INFORMATION_FORMAT = dwarf;
				ENABLE_STRICT_OBJC_MSGSEND = YES;
				ENABLE_TESTABILITY = YES;
				GCC_C_LANGUAGE_STANDARD = gnu11;
				GCC_DYNAMIC_NO_PIC = NO;
				GCC_NO_COMMON_BLOCKS = YES;
				GCC_OPTIMIZATION_LEVEL = 0;
				GCC_PREPROCESSOR_DEFINITIONS = (
					"DEBUG=1",
					"$(inherited)",
				);
				GCC_WARN_64_TO_32_BIT_CONVERSION = YES;
				GCC_WARN_ABOUT_RETURN_TYPE = YES_ERROR;
				GCC_WARN_UNDECLARED_SELECTOR = YES;
				GCC_WARN_UNINITIALIZED_AUTOS = YES_AGGRESSIVE;
				GCC_WARN_UNUSED_FUNCTION = YES;
				GCC_WARN_UNUSED_VARIABLE = YES;
				IPHONEOS_DEPLOYMENT_TARGET = 13.2;
				MTL_ENABLE_DEBUG_INFO = INCLUDE_SOURCE;
				MTL_FAST_MATH = YES;
				ONLY_ACTIVE_ARCH = YES;
				SDKROOT = iphoneos;
				SWIFT_ACTIVE_COMPILATION_CONDITIONS = DEBUG;
				SWIFT_OPTIMIZATION_LEVEL = "-Onone";
			};
			name = Debug;
		};
		C1C14B6323F1A26A00DCC2FA /* Release */ = {
			isa = XCBuildConfiguration;
			buildSettings = {
				ALWAYS_SEARCH_USER_PATHS = NO;
				CLANG_ANALYZER_NONNULL = YES;
				CLANG_ANALYZER_NUMBER_OBJECT_CONVERSION = YES_AGGRESSIVE;
				CLANG_CXX_LANGUAGE_STANDARD = "gnu++14";
				CLANG_CXX_LIBRARY = "libc++";
				CLANG_ENABLE_MODULES = YES;
				CLANG_ENABLE_OBJC_ARC = YES;
				CLANG_ENABLE_OBJC_WEAK = YES;
				CLANG_WARN_BLOCK_CAPTURE_AUTORELEASING = YES;
				CLANG_WARN_BOOL_CONVERSION = YES;
				CLANG_WARN_COMMA = YES;
				CLANG_WARN_CONSTANT_CONVERSION = YES;
				CLANG_WARN_DEPRECATED_OBJC_IMPLEMENTATIONS = YES;
				CLANG_WARN_DIRECT_OBJC_ISA_USAGE = YES_ERROR;
				CLANG_WARN_DOCUMENTATION_COMMENTS = YES;
				CLANG_WARN_EMPTY_BODY = YES;
				CLANG_WARN_ENUM_CONVERSION = YES;
				CLANG_WARN_INFINITE_RECURSION = YES;
				CLANG_WARN_INT_CONVERSION = YES;
				CLANG_WARN_NON_LITERAL_NULL_CONVERSION = YES;
				CLANG_WARN_OBJC_IMPLICIT_RETAIN_SELF = YES;
				CLANG_WARN_OBJC_LITERAL_CONVERSION = YES;
				CLANG_WARN_OBJC_ROOT_CLASS = YES_ERROR;
				CLANG_WARN_RANGE_LOOP_ANALYSIS = YES;
				CLANG_WARN_STRICT_PROTOTYPES = YES;
				CLANG_WARN_SUSPICIOUS_MOVE = YES;
				CLANG_WARN_UNGUARDED_AVAILABILITY = YES_AGGRESSIVE;
				CLANG_WARN_UNREACHABLE_CODE = YES;
				CLANG_WARN__DUPLICATE_METHOD_MATCH = YES;
				COPY_PHASE_STRIP = NO;
				DEBUG_INFORMATION_FORMAT = "dwarf-with-dsym";
				ENABLE_NS_ASSERTIONS = NO;
				ENABLE_STRICT_OBJC_MSGSEND = YES;
				GCC_C_LANGUAGE_STANDARD = gnu11;
				GCC_NO_COMMON_BLOCKS = YES;
				GCC_WARN_64_TO_32_BIT_CONVERSION = YES;
				GCC_WARN_ABOUT_RETURN_TYPE = YES_ERROR;
				GCC_WARN_UNDECLARED_SELECTOR = YES;
				GCC_WARN_UNINITIALIZED_AUTOS = YES_AGGRESSIVE;
				GCC_WARN_UNUSED_FUNCTION = YES;
				GCC_WARN_UNUSED_VARIABLE = YES;
				IPHONEOS_DEPLOYMENT_TARGET = 13.2;
				MTL_ENABLE_DEBUG_INFO = NO;
				MTL_FAST_MATH = YES;
				SDKROOT = iphoneos;
				SWIFT_COMPILATION_MODE = wholemodule;
				SWIFT_OPTIMIZATION_LEVEL = "-O";
				VALIDATE_PRODUCT = YES;
			};
			name = Release;
		};
		C1C14B6523F1A26A00DCC2FA /* Debug */ = {
			isa = XCBuildConfiguration;
			buildSettings = {
				ASSETCATALOG_COMPILER_APPICON_NAME = AppIcon;
				CODE_SIGN_STYLE = Automatic;
				DEVELOPMENT_TEAM = 7DTLRHN6WR;
				INFOPLIST_FILE = DAM_IOS_Dibujo_AR/Info.plist;
				LD_RUNPATH_SEARCH_PATHS = (
					"$(inherited)",
					"@executable_path/Frameworks",
				);
				PRODUCT_BUNDLE_IDENTIFIER = "escuela.estech.DAM-IOS-Dibujo-AR";
				PRODUCT_NAME = "$(TARGET_NAME)";
				SWIFT_VERSION = 5.0;
				TARGETED_DEVICE_FAMILY = "1,2";
			};
			name = Debug;
		};
		C1C14B6623F1A26A00DCC2FA /* Release */ = {
			isa = XCBuildConfiguration;
			buildSettings = {
				ASSETCATALOG_COMPILER_APPICON_NAME = AppIcon;
				CODE_SIGN_STYLE = Automatic;
				DEVELOPMENT_TEAM = 7DTLRHN6WR;
				INFOPLIST_FILE = DAM_IOS_Dibujo_AR/Info.plist;
				LD_RUNPATH_SEARCH_PATHS = (
					"$(inherited)",
					"@executable_path/Frameworks",
				);
				PRODUCT_BUNDLE_IDENTIFIER = "escuela.estech.DAM-IOS-Dibujo-AR";
				PRODUCT_NAME = "$(TARGET_NAME)";
				SWIFT_VERSION = 5.0;
				TARGETED_DEVICE_FAMILY = "1,2";
			};
			name = Release;
		};
/* End XCBuildConfiguration section */

/* Begin XCConfigurationList section */
		C1C14B4B23F1A26900DCC2FA /* Build configuration list for PBXProject "DAM_IOS_Dibujo_AR" */ = {
			isa = XCConfigurationList;
			buildConfigurations = (
				C1C14B6223F1A26A00DCC2FA /* Debug */,
				C1C14B6323F1A26A00DCC2FA /* Release */,
			);
			defaultConfigurationIsVisible = 0;
			defaultConfigurationName = Release;
		};
		C1C14B6423F1A26A00DCC2FA /* Build configuration list for PBXNativeTarget "DAM_IOS_Dibujo_AR" */ = {
			isa = XCConfigurationList;
			buildConfigurations = (
				C1C14B6523F1A26A00DCC2FA /* Debug */,
				C1C14B6623F1A26A00DCC2FA /* Release */,
			);
			defaultConfigurationIsVisible = 0;
			defaultConfigurationName = Release;
		};
/* End XCConfigurationList section */
	};
	rootObject = C1C14B4823F1A26900DCC2FA /* Project object */;
}
